
Microsoft Visual Studio Solution File, Format Version 12.00
# Visual Studio 15
VisualStudioVersion = 15.0.26730.12
MinimumVisualStudioVersion = 10.0.40219.1
Project("{FAE04EC0-301F-11D3-BF4B-00C04F79EFBC}") = "CustomExtenders", "CustomExtenders\CustomExtenders.csproj", "{203D2FF8-A28D-4173-9E7A-1B42A5916BA8}"
EndProject
Project("{FAE04EC0-301F-11D3-BF4B-00C04F79EFBC}") = "WebApplication1", "WebApplication1\WebApplication1.csproj", "{D4583967-5015-4900-85E0-3031F099BDFD}"
EndProject
Global
	GlobalSection(SolutionConfigurationPlatforms) = preSolution
		Debug|Any CPU = Debug|Any CPU
		Release|Any CPU = Release|Any CPU
	EndGlobalSection
	GlobalSection(ProjectConfigurationPlatforms) = postSolution
		{203D2FF8-A28D-4173-9E7A-1B42A5916BA8}.Debug|Any CPU.ActiveCfg = Debug|Any CPU
		{203D2FF8-A28D-4173-9E7A-1B42A5916BA8}.Debug|Any CPU.Build.0 = Debug|Any CPU
		{203D2FF8-A28D-4173-9E7A-1B42A5916BA8}.Release|Any CPU.ActiveCfg = Release|Any CPU
		{203D2FF8-A28D-4173-9E7A-1B42A5916BA8}.Release|Any CPU.Build.0 = Release|Any CPU
		{D4583967-5015-4900-85E0-3031F099BDFD}.Debug|Any CPU.ActiveCfg = Debug|Any CPU
		{D4583967-5015-4900-85E0-3031F099BDFD}.Debug|Any CPU.Build.0 = Debug|Any CPU
		{D4583967-5015-4900-85E0-3031F099BDFD}.Release|Any CPU.ActiveCfg = Release|Any CPU
		{D4583967-5015-4900-85E0-3031F099BDFD}.Release|Any CPU.Build.0 = Release|Any CPU
	EndGlobalSection
	GlobalSection(SolutionProperties) = preSolution
		HideSolutionNode = FALSE
	EndGlobalSection
	GlobalSection(ExtensibilityGlobals) = postSolution
		SolutionGuid = {DF164E0D-68C5-457A-BC6A-381FB800DFDE}
	EndGlobalSection
EndGlobal
